<?xml version="1.0" encoding="utf-8"?>
<Project ToolsVersion="4.0" xmlns="http://schemas.microsoft.com/developer/msbuild/2003">
  <ItemGroup>
    <ClCompile Include="main.cpp" />
    <ClCompile Include="battle.cpp">
      <Filter>scene</Filter>
    </ClCompile>
    <ClCompile Include="animation.cpp">
      <Filter>system</Filter>
    </ClCompile>
    <ClCompile Include="entity.cpp">
      <Filter>system</Filter>
    </ClCompile>
    <ClCompile Include="gamescene.cpp">
      <Filter>scene</Filter>
    </ClCompile>
    <ClCompile Include="shaderscene.cpp">
      <Filter>scene</Filter>
    </ClCompile>
    <ClCompile Include="titlescene.cpp">
      <Filter>scene</Filter>
    </ClCompile>
    <ClCompile Include="player.cpp">
      <Filter>contents</Filter>
    </ClCompile>
    <ClCompile Include="pdata.cpp">
      <Filter>contents</Filter>
    </ClCompile>
    <ClCompile Include="puzzle.cpp">
      <Filter>contents</Filter>
    </ClCompile>
    <ClCompile Include="tileset.cpp">
      <Filter>system</Filter>
    </ClCompile>
    <ClCompile Include="scenebase.cpp">
      <Filter>system</Filter>
    </ClCompile>
    <ClCompile Include="map.cpp">
      <Filter>system</Filter>
    </ClCompile>
    <ClCompile Include="scenemanager.cpp">
      <Filter>scene</Filter>
    </ClCompile>
    <ClCompile Include="tinyxmlerror.cpp">
      <Filter>system\XMLParser</Filter>
    </ClCompile>
    <ClCompile Include="tinyxmlparser.cpp">
      <Filter>system\XMLParser</Filter>
    </ClCompile>
    <ClCompile Include="tinyxml.cpp">
      <Filter>system\XMLParser</Filter>
    </ClCompile>
    <ClCompile Include="tinystr.cpp">
      <Filter>system\XMLParser</Filter>
    </ClCompile>
    <ClCompile Include="global.cpp" />
    <ClCompile Include="button.cpp">
      <Filter>system\UI</Filter>
    </ClCompile>
    <ClCompile Include="gauge.cpp">
      <Filter>system\UI</Filter>
    </ClCompile>
    <ClCompile Include="tooltip.cpp">
      <Filter>system\UI</Filter>
    </ClCompile>
    <ClCompile Include="uiscene.cpp">
      <Filter>scene</Filter>
    </ClCompile>
    <ClCompile Include="dialog.cpp">
      <Filter>system\UI</Filter>
    </ClCompile>
    <ClCompile Include="windowentity.cpp">
      <Filter>system\UI</Filter>
    </ClCompile>
  </ItemGroup>
  <ItemGroup>
    <ClInclude Include="battle.h">
      <Filter>scene</Filter>
    </ClInclude>
    <ClInclude Include="animation.h">
      <Filter>system</Filter>
    </ClInclude>
    <ClInclude Include="entity.h">
      <Filter>system</Filter>
    </ClInclude>
    <ClInclude Include="gamescene.h">
      <Filter>scene</Filter>
    </ClInclude>
    <ClInclude Include="shaderscene.h">
      <Filter>scene</Filter>
    </ClInclude>
    <ClInclude Include="titlescene.h">
      <Filter>scene</Filter>
    </ClInclude>
    <ClInclude Include="player.h">
      <Filter>contents</Filter>
    </ClInclude>
    <ClInclude Include="pdata.h">
      <Filter>contents</Filter>
    </ClInclude>
    <ClInclude Include="puzzle.h">
      <Filter>contents</Filter>
    </ClInclude>
    <ClInclude Include="tileset.h">
      <Filter>system</Filter>
    </ClInclude>
    <ClInclude Include="scenebase.h">
      <Filter>system</Filter>
    </ClInclude>
    <ClInclude Include="map.h">
      <Filter>system</Filter>
    </ClInclude>
    <ClInclude Include="scenemanager.h">
      <Filter>scene</Filter>
    </ClInclude>
    <ClInclude Include="tinyxml.h">
      <Filter>system\XMLParser</Filter>
    </ClInclude>
    <ClInclude Include="tinystr.h">
      <Filter>system\XMLParser</Filter>
    </ClInclude>
    <ClInclude Include="global.h" />
    <ClInclude Include="stdafx.h" />
    <ClInclude Include="button.h">
      <Filter>system\UI</Filter>
    </ClInclude>
    <ClInclude Include="gauge.h">
      <Filter>system\UI</Filter>
    </ClInclude>
    <ClInclude Include="tooltip.h">
      <Filter>system\UI</Filter>
    </ClInclude>
    <ClInclude Include="uiscene.h">
      <Filter>scene</Filter>
    </ClInclude>
    <ClInclude Include="dialog.h">
      <Filter>system\UI</Filter>
    </ClInclude>
    <ClInclude Include="windowentity.h">
      <Filter>system\UI</Filter>
    </ClInclude>
  </ItemGroup>
  <ItemGroup>
    <Filter Include="system">
      <UniqueIdentifier>{a6bc1b56-795d-439b-a20b-8d98075f14e3}</UniqueIdentifier>
    </Filter>
    <Filter Include="contents">
      <UniqueIdentifier>{2fd6a664-e0a9-470f-b88f-21f0cf75fff8}</UniqueIdentifier>
    </Filter>
    <Filter Include="scene">
      <UniqueIdentifier>{ca5c0f4f-8861-4d8d-a493-9fd21a9b399f}</UniqueIdentifier>
    </Filter>
    <Filter Include="system\XMLParser">
      <UniqueIdentifier>{95cdff59-c964-4423-8983-bd988e1e43dd}</UniqueIdentifier>
    </Filter>
    <Filter Include="system\UI">
      <UniqueIdentifier>{947cad30-9bf6-4d33-871d-f08a51f3d899}</UniqueIdentifier>
    </Filter>
  </ItemGroup>
</Project>